
Microsoft Visual Studio Solution File, Format Version 12.00
# Visual Studio Version 17
VisualStudioVersion = 17.11.35219.272
MinimumVisualStudioVersion = 10.0.40219.1
Project("{FAE04EC0-301F-11D3-BF4B-00C04F79EFBC}") = "DataStructures", "DataStructures\DataStructures.csproj", "{24C39BB7-269B-43BC-8E09-C8725A3658B6}"
EndProject
Global
	GlobalSection(SolutionConfigurationPlatforms) = preSolution
		Debug|Any CPU = Debug|Any CPU
		Release|Any CPU = Release|Any CPU
	EndGlobalSection
	GlobalSection(ProjectConfigurationPlatforms) = postSolution
		{24C39BB7-269B-43BC-8E09-C8725A3658B6}.Debug|Any CPU.ActiveCfg = Debug|Any CPU
		{24C39BB7-269B-43BC-8E09-C8725A3658B6}.Debug|Any CPU.Build.0 = Debug|Any CPU
		{24C39BB7-269B-43BC-8E09-C8725A3658B6}.Release|Any CPU.ActiveCfg = Release|Any CPU
		{24C39BB7-269B-43BC-8E09-C8725A3658B6}.Release|Any CPU.Build.0 = Release|Any CPU
	EndGlobalSection
	GlobalSection(SolutionProperties) = preSolution
		HideSolutionNode = FALSE
	EndGlobalSection
	GlobalSection(ExtensibilityGlobals) = postSolution
		SolutionGuid = {C334D71D-384B-4B14-B1E3-CDAE5283445B}
	EndGlobalSection
EndGlobal
